
Microsoft Visual Studio Solution File, Format Version 12.00
# Visual Studio 15
VisualStudioVersion = 15.0.28307.645
MinimumVisualStudioVersion = 10.0.40219.1
Project("{FAE04EC0-301F-11D3-BF4B-00C04F79EFBC}") = "Yara_Game", "Yara_Game\Yara_Game.csproj", "{574F5C32-7228-450D-8A99-1340DABBF1D1}"
EndProject
Global
	GlobalSection(SolutionConfigurationPlatforms) = preSolution
		Debug|Any CPU = Debug|Any CPU
		Release|Any CPU = Release|Any CPU
	EndGlobalSection
	GlobalSection(ProjectConfigurationPlatforms) = postSolution
		{574F5C32-7228-450D-8A99-1340DABBF1D1}.Debug|Any CPU.ActiveCfg = Debug|Any CPU
		{574F5C32-7228-450D-8A99-1340DABBF1D1}.Debug|Any CPU.Build.0 = Debug|Any CPU
		{574F5C32-7228-450D-8A99-1340DABBF1D1}.Release|Any CPU.ActiveCfg = Release|Any CPU
		{574F5C32-7228-450D-8A99-1340DABBF1D1}.Release|Any CPU.Build.0 = Release|Any CPU
	EndGlobalSection
	GlobalSection(SolutionProperties) = preSolution
		HideSolutionNode = FALSE
	EndGlobalSection
	GlobalSection(ExtensibilityGlobals) = postSolution
		SolutionGuid = {14E1F44D-EC27-47E1-BDA6-61BACD4C0C18}
	EndGlobalSection
EndGlobal
