
Microsoft Visual Studio Solution File, Format Version 12.00
# Visual Studio 15
VisualStudioVersion = 15.0.28307.572
MinimumVisualStudioVersion = 10.0.40219.1
Project("{FAE04EC0-301F-11D3-BF4B-00C04F79EFBC}") = "NewBallGame", "NewBallGame\NewBallGame.csproj", "{A4A80FAC-161D-42EE-A2E9-ED9B1B2633F2}"
EndProject
Global
	GlobalSection(SolutionConfigurationPlatforms) = preSolution
		Debug|Any CPU = Debug|Any CPU
		Release|Any CPU = Release|Any CPU
	EndGlobalSection
	GlobalSection(ProjectConfigurationPlatforms) = postSolution
		{A4A80FAC-161D-42EE-A2E9-ED9B1B2633F2}.Debug|Any CPU.ActiveCfg = Debug|Any CPU
		{A4A80FAC-161D-42EE-A2E9-ED9B1B2633F2}.Debug|Any CPU.Build.0 = Debug|Any CPU
		{A4A80FAC-161D-42EE-A2E9-ED9B1B2633F2}.Release|Any CPU.ActiveCfg = Release|Any CPU
		{A4A80FAC-161D-42EE-A2E9-ED9B1B2633F2}.Release|Any CPU.Build.0 = Release|Any CPU
	EndGlobalSection
	GlobalSection(SolutionProperties) = preSolution
		HideSolutionNode = FALSE
	EndGlobalSection
	GlobalSection(ExtensibilityGlobals) = postSolution
		SolutionGuid = {7F9208C9-29A9-42ED-9ABF-0693F98745C6}
	EndGlobalSection
EndGlobal
